
Microsoft Visual Studio Solution File, Format Version 12.00
# Visual Studio Version 16
VisualStudioVersion = 16.0.32510.428
MinimumVisualStudioVersion = 10.0.40219.1
Project("{8BC9CEB8-8B4A-11D0-8D11-00A0C91BC942}") = "Project1", "Project1.vcxproj", "{B1D8FDCB-5026-4ADC-823D-7A6EE8499CFD}"
EndProject
Global
	GlobalSection(SolutionConfigurationPlatforms) = preSolution
		Debug|x64 = Debug|x64
		Debug|x86 = Debug|x86
		Release|x64 = Release|x64
		Release|x86 = Release|x86
	EndGlobalSection
	GlobalSection(ProjectConfigurationPlatforms) = postSolution
		{B1D8FDCB-5026-4ADC-823D-7A6EE8499CFD}.Debug|x64.ActiveCfg = Debug|x64
		{B1D8FDCB-5026-4ADC-823D-7A6EE8499CFD}.Debug|x64.Build.0 = Debug|x64
		{B1D8FDCB-5026-4ADC-823D-7A6EE8499CFD}.Debug|x86.ActiveCfg = Debug|Win32
		{B1D8FDCB-5026-4ADC-823D-7A6EE8499CFD}.Debug|x86.Build.0 = Debug|Win32
		{B1D8FDCB-5026-4ADC-823D-7A6EE8499CFD}.Release|x64.ActiveCfg = Release|x64
		{B1D8FDCB-5026-4ADC-823D-7A6EE8499CFD}.Release|x64.Build.0 = Release|x64
		{B1D8FDCB-5026-4ADC-823D-7A6EE8499CFD}.Release|x86.ActiveCfg = Release|Win32
		{B1D8FDCB-5026-4ADC-823D-7A6EE8499CFD}.Release|x86.Build.0 = Release|Win32
	EndGlobalSection
	GlobalSection(SolutionProperties) = preSolution
		HideSolutionNode = FALSE
	EndGlobalSection
	GlobalSection(ExtensibilityGlobals) = postSolution
		SolutionGuid = {AB71FDFF-C47B-40EF-BC86-6AF7A9BA9AB7}
	EndGlobalSection
EndGlobal
